
Microsoft Visual Studio Solution File, Format Version 12.00
# Visual Studio Version 16
VisualStudioVersion = 16.0.31205.134
MinimumVisualStudioVersion = 10.0.40219.1
Project("{FAE04EC0-301F-11D3-BF4B-00C04F79EFBC}") = "Ponyliga.Android", "Ponyliga\Ponyliga.Android\Ponyliga.Android.csproj", "{777E2F31-FB21-4950-9FA9-B2BDDDBDD742}"
EndProject
Project("{FAE04EC0-301F-11D3-BF4B-00C04F79EFBC}") = "Ponyliga.iOS", "Ponyliga\Ponyliga.iOS\Ponyliga.iOS.csproj", "{080AC935-818C-4E1A-B437-703725ADB721}"
EndProject
Project("{9A19103F-16F7-4668-BE54-9A1E7A4F7556}") = "Ponyliga", "Ponyliga\Ponyliga\Ponyliga.csproj", "{B64925E4-9A3F-46C1-B83E-96FB7DED5B57}"
EndProject
Project("{FAE04EC0-301F-11D3-BF4B-00C04F79EFBC}") = "Ponyliga.Test", "Ponyliga.Test\Ponyliga.Test.csproj", "{56769645-8482-41A8-B34D-D0C94E957991}"
EndProject
Global
	GlobalSection(SolutionConfigurationPlatforms) = preSolution
		Debug|Any CPU = Debug|Any CPU
		Debug|iPhone = Debug|iPhone
		Debug|iPhoneSimulator = Debug|iPhoneSimulator
		Release|Any CPU = Release|Any CPU
		Release|iPhone = Release|iPhone
		Release|iPhoneSimulator = Release|iPhoneSimulator
	EndGlobalSection
	GlobalSection(ProjectConfigurationPlatforms) = postSolution
		{777E2F31-FB21-4950-9FA9-B2BDDDBDD742}.Debug|Any CPU.ActiveCfg = Debug|Any CPU
		{777E2F31-FB21-4950-9FA9-B2BDDDBDD742}.Debug|Any CPU.Build.0 = Debug|Any CPU
		{777E2F31-FB21-4950-9FA9-B2BDDDBDD742}.Debug|Any CPU.Deploy.0 = Debug|Any CPU
		{777E2F31-FB21-4950-9FA9-B2BDDDBDD742}.Debug|iPhone.ActiveCfg = Debug|Any CPU
		{777E2F31-FB21-4950-9FA9-B2BDDDBDD742}.Debug|iPhone.Build.0 = Debug|Any CPU
		{777E2F31-FB21-4950-9FA9-B2BDDDBDD742}.Debug|iPhone.Deploy.0 = Debug|Any CPU
		{777E2F31-FB21-4950-9FA9-B2BDDDBDD742}.Debug|iPhoneSimulator.ActiveCfg = Debug|Any CPU
		{777E2F31-FB21-4950-9FA9-B2BDDDBDD742}.Debug|iPhoneSimulator.Build.0 = Debug|Any CPU
		{777E2F31-FB21-4950-9FA9-B2BDDDBDD742}.Debug|iPhoneSimulator.Deploy.0 = Debug|Any CPU
		{777E2F31-FB21-4950-9FA9-B2BDDDBDD742}.Release|Any CPU.ActiveCfg = Release|Any CPU
		{777E2F31-FB21-4950-9FA9-B2BDDDBDD742}.Release|Any CPU.Build.0 = Release|Any CPU
		{777E2F31-FB21-4950-9FA9-B2BDDDBDD742}.Release|Any CPU.Deploy.0 = Release|Any CPU
		{777E2F31-FB21-4950-9FA9-B2BDDDBDD742}.Release|iPhone.ActiveCfg = Release|Any CPU
		{777E2F31-FB21-4950-9FA9-B2BDDDBDD742}.Release|iPhone.Build.0 = Release|Any CPU
		{777E2F31-FB21-4950-9FA9-B2BDDDBDD742}.Release|iPhone.Deploy.0 = Release|Any CPU
		{777E2F31-FB21-4950-9FA9-B2BDDDBDD742}.Release|iPhoneSimulator.ActiveCfg = Release|Any CPU
		{777E2F31-FB21-4950-9FA9-B2BDDDBDD742}.Release|iPhoneSimulator.Build.0 = Release|Any CPU
		{777E2F31-FB21-4950-9FA9-B2BDDDBDD742}.Release|iPhoneSimulator.Deploy.0 = Release|Any CPU
		{080AC935-818C-4E1A-B437-703725ADB721}.Debug|Any CPU.ActiveCfg = Debug|iPhone
		{080AC935-818C-4E1A-B437-703725ADB721}.Debug|Any CPU.Build.0 = Debug|iPhone
		{080AC935-818C-4E1A-B437-703725ADB721}.Debug|Any CPU.Deploy.0 = Debug|iPhone
		{080AC935-818C-4E1A-B437-703725ADB721}.Debug|iPhone.ActiveCfg = Debug|iPhone
		{080AC935-818C-4E1A-B437-703725ADB721}.Debug|iPhone.Build.0 = Debug|iPhone
		{080AC935-818C-4E1A-B437-703725ADB721}.Debug|iPhone.Deploy.0 = Debug|iPhone
		{080AC935-818C-4E1A-B437-703725ADB721}.Debug|iPhoneSimulator.ActiveCfg = Debug|iPhoneSimulator
		{080AC935-818C-4E1A-B437-703725ADB721}.Debug|iPhoneSimulator.Build.0 = Debug|iPhoneSimulator
		{080AC935-818C-4E1A-B437-703725ADB721}.Debug|iPhoneSimulator.Deploy.0 = Debug|iPhoneSimulator
		{080AC935-818C-4E1A-B437-703725ADB721}.Release|Any CPU.ActiveCfg = Release|iPhoneSimulator
		{080AC935-818C-4E1A-B437-703725ADB721}.Release|Any CPU.Build.0 = Release|iPhoneSimulator
		{080AC935-818C-4E1A-B437-703725ADB721}.Release|Any CPU.Deploy.0 = Release|iPhoneSimulator
		{080AC935-818C-4E1A-B437-703725ADB721}.Release|iPhone.ActiveCfg = Release|iPhone
		{080AC935-818C-4E1A-B437-703725ADB721}.Release|iPhone.Build.0 = Release|iPhone
		{080AC935-818C-4E1A-B437-703725ADB721}.Release|iPhone.Deploy.0 = Release|iPhone
		{080AC935-818C-4E1A-B437-703725ADB721}.Release|iPhoneSimulator.ActiveCfg = Release|iPhoneSimulator
		{080AC935-818C-4E1A-B437-703725ADB721}.Release|iPhoneSimulator.Build.0 = Release|iPhoneSimulator
		{080AC935-818C-4E1A-B437-703725ADB721}.Release|iPhoneSimulator.Deploy.0 = Release|iPhoneSimulator
		{B64925E4-9A3F-46C1-B83E-96FB7DED5B57}.Debug|Any CPU.ActiveCfg = Debug|Any CPU
		{B64925E4-9A3F-46C1-B83E-96FB7DED5B57}.Debug|Any CPU.Build.0 = Debug|Any CPU
		{B64925E4-9A3F-46C1-B83E-96FB7DED5B57}.Debug|Any CPU.Deploy.0 = Debug|Any CPU
		{B64925E4-9A3F-46C1-B83E-96FB7DED5B57}.Debug|iPhone.ActiveCfg = Debug|Any CPU
		{B64925E4-9A3F-46C1-B83E-96FB7DED5B57}.Debug|iPhone.Build.0 = Debug|Any CPU
		{B64925E4-9A3F-46C1-B83E-96FB7DED5B57}.Debug|iPhone.Deploy.0 = Debug|Any CPU
		{B64925E4-9A3F-46C1-B83E-96FB7DED5B57}.Debug|iPhoneSimulator.ActiveCfg = Debug|Any CPU
		{B64925E4-9A3F-46C1-B83E-96FB7DED5B57}.Debug|iPhoneSimulator.Build.0 = Debug|Any CPU
		{B64925E4-9A3F-46C1-B83E-96FB7DED5B57}.Debug|iPhoneSimulator.Deploy.0 = Debug|Any CPU
		{B64925E4-9A3F-46C1-B83E-96FB7DED5B57}.Release|Any CPU.ActiveCfg = Release|Any CPU
		{B64925E4-9A3F-46C1-B83E-96FB7DED5B57}.Release|Any CPU.Build.0 = Release|Any CPU
		{B64925E4-9A3F-46C1-B83E-96FB7DED5B57}.Release|Any CPU.Deploy.0 = Release|Any CPU
		{B64925E4-9A3F-46C1-B83E-96FB7DED5B57}.Release|iPhone.ActiveCfg = Release|Any CPU
		{B64925E4-9A3F-46C1-B83E-96FB7DED5B57}.Release|iPhone.Build.0 = Release|Any CPU
		{B64925E4-9A3F-46C1-B83E-96FB7DED5B57}.Release|iPhone.Deploy.0 = Release|Any CPU
		{B64925E4-9A3F-46C1-B83E-96FB7DED5B57}.Release|iPhoneSimulator.ActiveCfg = Release|Any CPU
		{B64925E4-9A3F-46C1-B83E-96FB7DED5B57}.Release|iPhoneSimulator.Build.0 = Release|Any CPU
		{B64925E4-9A3F-46C1-B83E-96FB7DED5B57}.Release|iPhoneSimulator.Deploy.0 = Release|Any CPU
		{56769645-8482-41A8-B34D-D0C94E957991}.Debug|Any CPU.ActiveCfg = Debug|Any CPU
		{56769645-8482-41A8-B34D-D0C94E957991}.Debug|Any CPU.Build.0 = Debug|Any CPU
		{56769645-8482-41A8-B34D-D0C94E957991}.Debug|iPhone.ActiveCfg = Debug|Any CPU
		{56769645-8482-41A8-B34D-D0C94E957991}.Debug|iPhone.Build.0 = Debug|Any CPU
		{56769645-8482-41A8-B34D-D0C94E957991}.Debug|iPhoneSimulator.ActiveCfg = Debug|Any CPU
		{56769645-8482-41A8-B34D-D0C94E957991}.Debug|iPhoneSimulator.Build.0 = Debug|Any CPU
		{56769645-8482-41A8-B34D-D0C94E957991}.Release|Any CPU.ActiveCfg = Release|Any CPU
		{56769645-8482-41A8-B34D-D0C94E957991}.Release|Any CPU.Build.0 = Release|Any CPU
		{56769645-8482-41A8-B34D-D0C94E957991}.Release|iPhone.ActiveCfg = Release|Any CPU
		{56769645-8482-41A8-B34D-D0C94E957991}.Release|iPhone.Build.0 = Release|Any CPU
		{56769645-8482-41A8-B34D-D0C94E957991}.Release|iPhoneSimulator.ActiveCfg = Release|Any CPU
		{56769645-8482-41A8-B34D-D0C94E957991}.Release|iPhoneSimulator.Build.0 = Release|Any CPU
	EndGlobalSection
	GlobalSection(SolutionProperties) = preSolution
		HideSolutionNode = FALSE
	EndGlobalSection
	GlobalSection(ExtensibilityGlobals) = postSolution
		SolutionGuid = {8E267F46-9E4A-41D6-B098-A506F2FB5300}
	EndGlobalSection
EndGlobal
